
Microsoft Visual Studio Solution File, Format Version 12.00
# Visual Studio Version 16
VisualStudioVersion = 16.0.30320.27
MinimumVisualStudioVersion = 10.0.40219.1
Project("{FAE04EC0-301F-11D3-BF4B-00C04F79EFBC}") = "Domain", "Domain\Domain.csproj", "{6219DD82-7AE7-4F4F-9196-2151595CF29C}"
EndProject
Project("{FAE04EC0-301F-11D3-BF4B-00C04F79EFBC}") = "Web", "Web\Web.csproj", "{3BA2F3F0-6770-475C-9C65-62355291CD58}"
EndProject
Global
	GlobalSection(SolutionConfigurationPlatforms) = preSolution
		Debug|Any CPU = Debug|Any CPU
		Release|Any CPU = Release|Any CPU
	EndGlobalSection
	GlobalSection(ProjectConfigurationPlatforms) = postSolution
		{6219DD82-7AE7-4F4F-9196-2151595CF29C}.Debug|Any CPU.ActiveCfg = Debug|Any CPU
		{6219DD82-7AE7-4F4F-9196-2151595CF29C}.Debug|Any CPU.Build.0 = Debug|Any CPU
		{6219DD82-7AE7-4F4F-9196-2151595CF29C}.Release|Any CPU.ActiveCfg = Release|Any CPU
		{6219DD82-7AE7-4F4F-9196-2151595CF29C}.Release|Any CPU.Build.0 = Release|Any CPU
		{3BA2F3F0-6770-475C-9C65-62355291CD58}.Debug|Any CPU.ActiveCfg = Debug|Any CPU
		{3BA2F3F0-6770-475C-9C65-62355291CD58}.Debug|Any CPU.Build.0 = Debug|Any CPU
		{3BA2F3F0-6770-475C-9C65-62355291CD58}.Release|Any CPU.ActiveCfg = Release|Any CPU
		{3BA2F3F0-6770-475C-9C65-62355291CD58}.Release|Any CPU.Build.0 = Release|Any CPU
	EndGlobalSection
	GlobalSection(SolutionProperties) = preSolution
		HideSolutionNode = FALSE
	EndGlobalSection
	GlobalSection(ExtensibilityGlobals) = postSolution
		SolutionGuid = {6EB20584-F2DF-46FA-8F56-EFA4511D9969}
	EndGlobalSection
EndGlobal
